
Microsoft Visual Studio Solution File, Format Version 12.00
Project("{F2A71F9B-5D33-465A-A702-920D77279786}") = "HotChocolate.FSharp.Tests", "HotChocolate.FSharp.Tests\HotChocolate.FSharp.Tests.fsproj", "{D46B1C74-2E15-4BBC-B5B6-FF5D94F4BBDE}"
EndProject
Project("{F2A71F9B-5D33-465A-A702-920D77279786}") = "HotChocolate.FSharp", "HotChocolate.FSharp\HotChocolate.FSharp.fsproj", "{2F850A66-E6DD-4C45-9386-A608D5AD29C7}"
EndProject
Project("{2150E333-8FDC-42A3-9474-1A3956D46DE8}") = "Solution Items", "Solution Items", "{079BC6B6-AEB0-4459-90CB-C32AAFCB3A71}"
	ProjectSection(SolutionItems) = preProject
		.editorconfig = .editorconfig
		Directory.Build.props = Directory.Build.props
		global.json = global.json
	EndProjectSection
EndProject
Global
	GlobalSection(SolutionConfigurationPlatforms) = preSolution
		Debug|Any CPU = Debug|Any CPU
		Release|Any CPU = Release|Any CPU
	EndGlobalSection
	GlobalSection(ProjectConfigurationPlatforms) = postSolution
		{D46B1C74-2E15-4BBC-B5B6-FF5D94F4BBDE}.Debug|Any CPU.ActiveCfg = Debug|Any CPU
		{D46B1C74-2E15-4BBC-B5B6-FF5D94F4BBDE}.Debug|Any CPU.Build.0 = Debug|Any CPU
		{D46B1C74-2E15-4BBC-B5B6-FF5D94F4BBDE}.Release|Any CPU.ActiveCfg = Release|Any CPU
		{D46B1C74-2E15-4BBC-B5B6-FF5D94F4BBDE}.Release|Any CPU.Build.0 = Release|Any CPU
		{2F850A66-E6DD-4C45-9386-A608D5AD29C7}.Debug|Any CPU.ActiveCfg = Debug|Any CPU
		{2F850A66-E6DD-4C45-9386-A608D5AD29C7}.Debug|Any CPU.Build.0 = Debug|Any CPU
		{2F850A66-E6DD-4C45-9386-A608D5AD29C7}.Release|Any CPU.ActiveCfg = Release|Any CPU
		{2F850A66-E6DD-4C45-9386-A608D5AD29C7}.Release|Any CPU.Build.0 = Release|Any CPU
	EndGlobalSection
EndGlobal
